// !$*UTF8*$!
{
	archiveVersion = 1;
	classes = {
	};
	objectVersion = 46;
	objects = {

/* Begin PBXBuildFile section */
		D0E8318A1AE90246006D088B /* main.m in Sources */ = {isa = PBXBuildFile; fileRef = D0E831891AE90246006D088B /* main.m */; };
		D0E8318D1AE90246006D088B /* AppDelegate.m in Sources */ = {isa = PBXBuildFile; fileRef = D0E8318C1AE90246006D088B /* AppDelegate.m */; };
		D0E831931AE90246006D088B /* Main.storyboard in Resources */ = {isa = PBXBuildFile; fileRef = D0E831911AE90246006D088B /* Main.storyboard */; };
		D0E831951AE90246006D088B /* Images.xcassets in Resources */ = {isa = PBXBuildFile; fileRef = D0E831941AE90246006D088B /* Images.xcassets */; };
		D0E831981AE90246006D088B /* LaunchScreen.xib in Resources */ = {isa = PBXBuildFile; fileRef = D0E831961AE90246006D088B /* LaunchScreen.xib */; };
		D0E831A41AE90246006D088B /* iDatabase_SingleTests.m in Sources */ = {isa = PBXBuildFile; fileRef = D0E831A31AE90246006D088B /* iDatabase_SingleTests.m */; };
		D0E831AF1AE9066F006D088B /* LoginViewController.m in Sources */ = {isa = PBXBuildFile; fileRef = D0E831AE1AE9066F006D088B /* LoginViewController.m */; };
		D0E831B21AE90684006D088B /* MainViewController.m in Sources */ = {isa = PBXBuildFile; fileRef = D0E831B11AE90684006D088B /* MainViewController.m */; };
		D0E831B51AE906F2006D088B /* Database.m in Sources */ = {isa = PBXBuildFile; fileRef = D0E831B41AE906F2006D088B /* Database.m */; };
		D0E831B71AE90770006D088B /* libsqlite3.dylib in Frameworks */ = {isa = PBXBuildFile; fileRef = D0E831B61AE90770006D088B /* libsqlite3.dylib */; };
/* End PBXBuildFile section */

/* Begin PBXContainerItemProxy section */
		D0E8319E1AE90246006D088B /* PBXContainerItemProxy */ = {
			isa = PBXContainerItemProxy;
			containerPortal = D0E8317C1AE90246006D088B /* Project object */;
			proxyType = 1;
			remoteGlobalIDString = D0E831831AE90246006D088B;
			remoteInfo = "iDatabase Single";
		};
/* End PBXContainerItemProxy section */

/* Begin PBXFileReference section */
		D0E831841AE90246006D088B /* iDatabase Single.app */ = {isa = PBXFileReference; explicitFileType = wrapper.application; includeInIndex = 0; path = "iDatabase Single.app"; sourceTree = BUILT_PRODUCTS_DIR; };
		D0E831881AE90246006D088B /* Info.plist */ = {isa = PBXFileReference; lastKnownFileType = text.plist.xml; path = Info.plist; sourceTree = "<group>"; };
		D0E831891AE90246006D088B /* main.m */ = {isa = PBXFileReference; lastKnownFileType = sourcecode.c.objc; path = main.m; sourceTree = "<group>"; };
		D0E8318B1AE90246006D088B /* AppDelegate.h */ = {isa = PBXFileReference; lastKnownFileType = sourcecode.c.h; path = AppDelegate.h; sourceTree = "<group>"; };
		D0E8318C1AE90246006D088B /* AppDelegate.m */ = {isa = PBXFileReference; lastKnownFileType = sourcecode.c.objc; path = AppDelegate.m; sourceTree = "<group>"; };
		D0E831921AE90246006D088B /* Base */ = {isa = PBXFileReference; lastKnownFileType = file.storyboard; name = Base; path = Base.lproj/Main.storyboard; sourceTree = "<group>"; };
		D0E831941AE90246006D088B /* Images.xcassets */ = {isa = PBXFileReference; lastKnownFileType = folder.assetcatalog; path = Images.xcassets; sourceTree = "<group>"; };
		D0E831971AE90246006D088B /* Base */ = {isa = PBXFileReference; lastKnownFileType = file.xib; name = Base; path = Base.lproj/LaunchScreen.xib; sourceTree = "<group>"; };
		D0E8319D1AE90246006D088B /* iDatabase SingleTests.xctest */ = {isa = PBXFileReference; explicitFileType = wrapper.cfbundle; includeInIndex = 0; path = "iDatabase SingleTests.xctest"; sourceTree = BUILT_PRODUCTS_DIR; };
		D0E831A21AE90246006D088B /* Info.plist */ = {isa = PBXFileReference; lastKnownFileType = text.plist.xml; path = Info.plist; sourceTree = "<group>"; };
		D0E831A31AE90246006D088B /* iDatabase_SingleTests.m */ = {isa = PBXFileReference; lastKnownFileType = sourcecode.c.objc; path = iDatabase_SingleTests.m; sourceTree = "<group>"; };
		D0E831AD1AE9066F006D088B /* LoginViewController.h */ = {isa = PBXFileReference; fileEncoding = 4; lastKnownFileType = sourcecode.c.h; path = LoginViewController.h; sourceTree = "<group>"; };
		D0E831AE1AE9066F006D088B /* LoginViewController.m */ = {isa = PBXFileReference; fileEncoding = 4; lastKnownFileType = sourcecode.c.objc; path = LoginViewController.m; sourceTree = "<group>"; };
		D0E831B01AE90683006D088B /* MainViewController.h */ = {isa = PBXFileReference; fileEncoding = 4; lastKnownFileType = sourcecode.c.h; path = MainViewController.h; sourceTree = "<group>"; };
		D0E831B11AE90684006D088B /* MainViewController.m */ = {isa = PBXFileReference; fileEncoding = 4; lastKnownFileType = sourcecode.c.objc; path = MainViewController.m; sourceTree = "<group>"; };
		D0E831B31AE906F2006D088B /* Database.h */ = {isa = PBXFileReference; fileEncoding = 4; lastKnownFileType = sourcecode.c.h; path = Database.h; sourceTree = "<group>"; };
		D0E831B41AE906F2006D088B /* Database.m */ = {isa = PBXFileReference; fileEncoding = 4; lastKnownFileType = sourcecode.c.objc; path = Database.m; sourceTree = "<group>"; };
		D0E831B61AE90770006D088B /* libsqlite3.dylib */ = {isa = PBXFileReference; lastKnownFileType = "compiled.mach-o.dylib"; name = libsqlite3.dylib; path = usr/lib/libsqlite3.dylib; sourceTree = SDKROOT; };
/* End PBXFileReference section */

/* Begin PBXFrameworksBuildPhase section */
		D0E831811AE90246006D088B /* Frameworks */ = {
			isa = PBXFrameworksBuildPhase;
			buildActionMask = 2147483647;
			files = (
				D0E831B71AE90770006D088B /* libsqlite3.dylib in Frameworks */,
			);
			runOnlyForDeploymentPostprocessing = 0;
		};
		D0E8319A1AE90246006D088B /* Frameworks */ = {
			isa = PBXFrameworksBuildPhase;
			buildActionMask = 2147483647;
			files = (
			);
			runOnlyForDeploymentPostprocessing = 0;
		};
/* End PBXFrameworksBuildPhase section */

/* Begin PBXGroup section */
		D0E8317B1AE90246006D088B = {
			isa = PBXGroup;
			children = (
				D0E831B61AE90770006D088B /* libsqlite3.dylib */,
				D0E831861AE90246006D088B /* iDatabase Single */,
				D0E831A01AE90246006D088B /* iDatabase SingleTests */,
				D0E831851AE90246006D088B /* Products */,
			);
			sourceTree = "<group>";
		};
		D0E831851AE90246006D088B /* Products */ = {
			isa = PBXGroup;
			children = (
				D0E831841AE90246006D088B /* iDatabase Single.app */,
				D0E8319D1AE90246006D088B /* iDatabase SingleTests.xctest */,
			);
			name = Products;
			sourceTree = "<group>";
		};
		D0E831861AE90246006D088B /* iDatabase Single */ = {
			isa = PBXGroup;
			children = (
				D0E8318B1AE90246006D088B /* AppDelegate.h */,
				D0E8318C1AE90246006D088B /* AppDelegate.m */,
				D0E831B31AE906F2006D088B /* Database.h */,
				D0E831B41AE906F2006D088B /* Database.m */,
				D0E831AD1AE9066F006D088B /* LoginViewController.h */,
				D0E831AE1AE9066F006D088B /* LoginViewController.m */,
				D0E831B01AE90683006D088B /* MainViewController.h */,
				D0E831B11AE90684006D088B /* MainViewController.m */,
				D0E831941AE90246006D088B /* Images.xcassets */,
				D0E831911AE90246006D088B /* Main.storyboard */,
				D0E831961AE90246006D088B /* LaunchScreen.xib */,
				D0E831871AE90246006D088B /* Supporting Files */,
			);
			path = "iDatabase Single";
			sourceTree = "<group>";
		};
		D0E831871AE90246006D088B /* Supporting Files */ = {
			isa = PBXGroup;
			children = (
				D0E831881AE90246006D088B /* Info.plist */,
				D0E831891AE90246006D088B /* main.m */,
			);
			name = "Supporting Files";
			sourceTree = "<group>";
		};
		D0E831A01AE90246006D088B /* iDatabase SingleTests */ = {
			isa = PBXGroup;
			children = (
				D0E831A31AE90246006D088B /* iDatabase_SingleTests.m */,
				D0E831A11AE90246006D088B /* Supporting Files */,
			);
			path = "iDatabase SingleTests";
			sourceTree = "<group>";
		};
		D0E831A11AE90246006D088B /* Supporting Files */ = {
			isa = PBXGroup;
			children = (
				D0E831A21AE90246006D088B /* Info.plist */,
			);
			name = "Supporting Files";
			sourceTree = "<group>";
		};
/* End PBXGroup section */

/* Begin PBXNativeTarget section */
		D0E831831AE90246006D088B /* iDatabase Single */ = {
			isa = PBXNativeTarget;
			buildConfigurationList = D0E831A71AE90246006D088B /* Build configuration list for PBXNativeTarget "iDatabase Single" */;
			buildPhases = (
				D0E831801AE90246006D088B /* Sources */,
				D0E831811AE90246006D088B /* Frameworks */,
				D0E831821AE90246006D088B /* Resources */,
			);
			buildRules = (
			);
			dependencies = (
			);
			name = "iDatabase Single";
			productName = "iDatabase Single";
			productReference = D0E831841AE90246006D088B /* iDatabase Single.app */;
			productType = "com.apple.product-type.application";
		};
		D0E8319C1AE90246006D088B /* iDatabase SingleTests */ = {
			isa = PBXNativeTarget;
			buildConfigurationList = D0E831AA1AE90246006D088B /* Build configuration list for PBXNativeTarget "iDatabase SingleTests" */;
			buildPhases = (
				D0E831991AE90246006D088B /* Sources */,
				D0E8319A1AE90246006D088B /* Frameworks */,
				D0E8319B1AE90246006D088B /* Resources */,
			);
			buildRules = (
			);
			dependencies = (
				D0E8319F1AE90246006D088B /* PBXTargetDependency */,
			);
			name = "iDatabase SingleTests";
			productName = "iDatabase SingleTests";
			productReference = D0E8319D1AE90246006D088B /* iDatabase SingleTests.xctest */;
			productType = "com.apple.product-type.bundle.unit-test";
		};
/* End PBXNativeTarget section */

/* Begin PBXProject section */
		D0E8317C1AE90246006D088B /* Project object */ = {
			isa = PBXProject;
			attributes = {
				LastUpgradeCheck = 0630;
				ORGANIZATIONNAME = GreysTone;
				TargetAttributes = {
					D0E831831AE90246006D088B = {
						CreatedOnToolsVersion = 6.3;
					};
					D0E8319C1AE90246006D088B = {
						CreatedOnToolsVersion = 6.3;
						TestTargetID = D0E831831AE90246006D088B;
					};
				};
			};
			buildConfigurationList = D0E8317F1AE90246006D088B /* Build configuration list for PBXProject "iDatabase Single" */;
			compatibilityVersion = "Xcode 3.2";
			developmentRegion = English;
			hasScannedForEncodings = 0;
			knownRegions = (
				en,
				Base,
			);
			mainGroup = D0E8317B1AE90246006D088B;
			productRefGroup = D0E831851AE90246006D088B /* Products */;
			projectDirPath = "";
			projectRoot = "";
			targets = (
				D0E831831AE90246006D088B /* iDatabase Single */,
				D0E8319C1AE90246006D088B /* iDatabase SingleTests */,
			);
		};
/* End PBXProject section */

/* Begin PBXResourcesBuildPhase section */
		D0E831821AE90246006D088B /* Resources */ = {
			isa = PBXResourcesBuildPhase;
			buildActionMask = 2147483647;
			files = (
				D0E831931AE90246006D088B /* Main.storyboard in Resources */,
				D0E831981AE90246006D088B /* LaunchScreen.xib in Resources */,
				D0E831951AE90246006D088B /* Images.xcassets in Resources */,
			);
			runOnlyForDeploymentPostprocessing = 0;
		};
		D0E8319B1AE90246006D088B /* Resources */ = {
			isa = PBXResourcesBuildPhase;
			buildActionMask = 2147483647;
			files = (
			);
			runOnlyForDeploymentPostprocessing = 0;
		};
/* End PBXResourcesBuildPhase section */

/* Begin PBXSourcesBuildPhase section */
		D0E831801AE90246006D088B /* Sources */ = {
			isa = PBXSourcesBuildPhase;
			buildActionMask = 2147483647;
			files = (
				D0E8318D1AE90246006D088B /* AppDelegate.m in Sources */,
				D0E831B51AE906F2006D088B /* Database.m in Sources */,
				D0E8318A1AE90246006D088B /* main.m in Sources */,
				D0E831AF1AE9066F006D088B /* LoginViewController.m in Sources */,
				D0E831B21AE90684006D088B /* MainViewController.m in Sources */,
			);
			runOnlyForDeploymentPostprocessing = 0;
		};
		D0E831991AE90246006D088B /* Sources */ = {
			isa = PBXSourcesBuildPhase;
			buildActionMask = 2147483647;
			files = (
				D0E831A41AE90246006D088B /* iDatabase_SingleTests.m in Sources */,
			);
			runOnlyForDeploymentPostprocessing = 0;
		};
/* End PBXSourcesBuildPhase section */

/* Begin PBXTargetDependency section */
		D0E8319F1AE90246006D088B /* PBXTargetDependency */ = {
			isa = PBXTargetDependency;
			target = D0E831831AE90246006D088B /* iDatabase Single */;
			targetProxy = D0E8319E1AE90246006D088B /* PBXContainerItemProxy */;
		};
/* End PBXTargetDependency section */

/* Begin PBXVariantGroup section */
		D0E831911AE90246006D088B /* Main.storyboard */ = {
			isa = PBXVariantGroup;
			children = (
				D0E831921AE90246006D088B /* Base */,
			);
			name = Main.storyboard;
			sourceTree = "<group>";
		};
		D0E831961AE90246006D088B /* LaunchScreen.xib */ = {
			isa = PBXVariantGroup;
			children = (
				D0E831971AE90246006D088B /* Base */,
			);
			name = LaunchScreen.xib;
			sourceTree = "<group>";
		};
/* End PBXVariantGroup section */

/* Begin XCBuildConfiguration section */
		D0E831A51AE90246006D088B /* Debug */ = {
			isa = XCBuildConfiguration;
			buildSettings = {
				ALWAYS_SEARCH_USER_PATHS = NO;
				CLANG_CXX_LANGUAGE_STANDARD = "gnu++0x";
				CLANG_CXX_LIBRARY = "libc++";
				CLANG_ENABLE_MODULES = YES;
				CLANG_ENABLE_OBJC_ARC = YES;
				CLANG_WARN_BOOL_CONVERSION = YES;
				CLANG_WARN_CONSTANT_CONVERSION = YES;
				CLANG_WARN_DIRECT_OBJC_ISA_USAGE = YES_ERROR;
				CLANG_WARN_EMPTY_BODY = YES;
				CLANG_WARN_ENUM_CONVERSION = YES;
				CLANG_WARN_INT_CONVERSION = YES;
				CLANG_WARN_OBJC_ROOT_CLASS = YES_ERROR;
				CLANG_WARN_UNREACHABLE_CODE = YES;
				CLANG_WARN__DUPLICATE_METHOD_MATCH = YES;
				"CODE_SIGN_IDENTITY[sdk=iphoneos*]" = "iPhone Developer";
				COPY_PHASE_STRIP = NO;
				DEBUG_INFORMATION_FORMAT = "dwarf-with-dsym";
				ENABLE_STRICT_OBJC_MSGSEND = YES;
				GCC_C_LANGUAGE_STANDARD = gnu99;
				GCC_DYNAMIC_NO_PIC = NO;
				GCC_NO_COMMON_BLOCKS = YES;
				GCC_OPTIMIZATION_LEVEL = 0;
				GCC_PREPROCESSOR_DEFINITIONS = (
					"DEBUG=1",
					"$(inherited)",
				);
				GCC_SYMBOLS_PRIVATE_EXTERN = NO;
				GCC_WARN_64_TO_32_BIT_CONVERSION = YES;
				GCC_WARN_ABOUT_RETURN_TYPE = YES_ERROR;
				GCC_WARN_UNDECLARED_SELECTOR = YES;
				GCC_WARN_UNINITIALIZED_AUTOS = YES_AGGRESSIVE;
				GCC_WARN_UNUSED_FUNCTION = YES;
				GCC_WARN_UNUSED_VARIABLE = YES;
				IPHONEOS_DEPLOYMENT_TARGET = 8.3;
				MTL_ENABLE_DEBUG_INFO = YES;
				ONLY_ACTIVE_ARCH = YES;
				SDKROOT = iphoneos;
				TARGETED_DEVICE_FAMILY = "1,2";
			};
			name = Debug;
		};
		D0E831A61AE90246006D088B /* Release */ = {
			isa = XCBuildConfiguration;
			buildSettings = {
				ALWAYS_SEARCH_USER_PATHS = NO;
				CLANG_CXX_LANGUAGE_STANDARD = "gnu++0x";
				CLANG_CXX_LIBRARY = "libc++";
				CLANG_ENABLE_MODULES = YES;
				CLANG_ENABLE_OBJC_ARC = YES;
				CLANG_WARN_BOOL_CONVERSION = YES;
				CLANG_WARN_CONSTANT_CONVERSION = YES;
				CLANG_WARN_DIRECT_OBJC_ISA_USAGE = YES_ERROR;
				CLANG_WARN_EMPTY_BODY = YES;
				CLANG_WARN_ENUM_CONVERSION = YES;
				CLANG_WARN_INT_CONVERSION = YES;
				CLANG_WARN_OBJC_ROOT_CLASS = YES_ERROR;
				CLANG_WARN_UNREACHABLE_CODE = YES;
				CLANG_WARN__DUPLICATE_METHOD_MATCH = YES;
				"CODE_SIGN_IDENTITY[sdk=iphoneos*]" = "iPhone Developer";
				COPY_PHASE_STRIP = NO;
				DEBUG_INFORMATION_FORMAT = "dwarf-with-dsym";
				ENABLE_NS_ASSERTIONS = NO;
				ENABLE_STRICT_OBJC_MSGSEND = YES;
				GCC_C_LANGUAGE_STANDARD = gnu99;
				GCC_NO_COMMON_BLOCKS = YES;
				GCC_WARN_64_TO_32_BIT_CONVERSION = YES;
				GCC_WARN_ABOUT_RETURN_TYPE = YES_ERROR;
				GCC_WARN_UNDECLARED_SELECTOR = YES;
				GCC_WARN_UNINITIALIZED_AUTOS = YES_AGGRESSIVE;
				GCC_WARN_UNUSED_FUNCTION = YES;
				GCC_WARN_UNUSED_VARIABLE = YES;
				IPHONEOS_DEPLOYMENT_TARGET = 8.3;
				MTL_ENABLE_DEBUG_INFO = NO;
				SDKROOT = iphoneos;
				TARGETED_DEVICE_FAMILY = "1,2";
				VALIDATE_PRODUCT = YES;
			};
			name = Release;
		};
		D0E831A81AE90246006D088B /* Debug */ = {
			isa = XCBuildConfiguration;
			buildSettings = {
				ASSETCATALOG_COMPILER_APPICON_NAME = AppIcon;
				INFOPLIST_FILE = "iDatabase Single/Info.plist";
				LD_RUNPATH_SEARCH_PATHS = "$(inherited) @executable_path/Frameworks";
				PRODUCT_NAME = "$(TARGET_NAME)";
			};
			name = Debug;
		};
		D0E831A91AE90246006D088B /* Release */ = {
			isa = XCBuildConfiguration;
			buildSettings = {
				ASSETCATALOG_COMPILER_APPICON_NAME = AppIcon;
				INFOPLIST_FILE = "iDatabase Single/Info.plist";
				LD_RUNPATH_SEARCH_PATHS = "$(inherited) @executable_path/Frameworks";
				PRODUCT_NAME = "$(TARGET_NAME)";
			};
			name = Release;
		};
		D0E831AB1AE90246006D088B /* Debug */ = {
			isa = XCBuildConfiguration;
			buildSettings = {
				BUNDLE_LOADER = "$(TEST_HOST)";
				FRAMEWORK_SEARCH_PATHS = (
					"$(SDKROOT)/Developer/Library/Frameworks",
					"$(inherited)",
				);
				GCC_PREPROCESSOR_DEFINITIONS = (
					"DEBUG=1",
					"$(inherited)",
				);
				INFOPLIST_FILE = "iDatabase SingleTests/Info.plist";
				LD_RUNPATH_SEARCH_PATHS = "$(inherited) @executable_path/Frameworks @loader_path/Frameworks";
				PRODUCT_NAME = "$(TARGET_NAME)";
				TEST_HOST = "$(BUILT_PRODUCTS_DIR)/iDatabase Single.app/iDatabase Single";
			};
			name = Debug;
		};
		D0E831AC1AE90246006D088B /* Release */ = {
			isa = XCBuildConfiguration;
			buildSettings = {
				BUNDLE_LOADER = "$(TEST_HOST)";
				FRAMEWORK_SEARCH_PATHS = (
					"$(SDKROOT)/Developer/Library/Frameworks",
					"$(inherited)",
				);
				INFOPLIST_FILE = "iDatabase SingleTests/Info.plist";
				LD_RUNPATH_SEARCH_PATHS = "$(inherited) @executable_path/Frameworks @loader_path/Frameworks";
				PRODUCT_NAME = "$(TARGET_NAME)";
				TEST_HOST = "$(BUILT_PRODUCTS_DIR)/iDatabase Single.app/iDatabase Single";
			};
			name = Release;
		};
/* End XCBuildConfiguration section */

/* Begin XCConfigurationList section */
		D0E8317F1AE90246006D088B /* Build configuration list for PBXProject "iDatabase Single" */ = {
			isa = XCConfigurationList;
			buildConfigurations = (
				D0E831A51AE90246006D088B /* Debug */,
				D0E831A61AE90246006D088B /* Release */,
			);
			defaultConfigurationIsVisible = 0;
			defaultConfigurationName = Release;
		};
		D0E831A71AE90246006D088B /* Build configuration list for PBXNativeTarget "iDatabase Single" */ = {
			isa = XCConfigurationList;
			buildConfigurations = (
				D0E831A81AE90246006D088B /* Debug */,
				D0E831A91AE90246006D088B /* Release */,
			);
			defaultConfigurationIsVisible = 0;
		};
		D0E831AA1AE90246006D088B /* Build configuration list for PBXNativeTarget "iDatabase SingleTests" */ = {
			isa = XCConfigurationList;
			buildConfigurations = (
				D0E831AB1AE90246006D088B /* Debug */,
				D0E831AC1AE90246006D088B /* Release */,
			);
			defaultConfigurationIsVisible = 0;
		};
/* End XCConfigurationList section */
	};
	rootObject = D0E8317C1AE90246006D088B /* Project object */;
}
