// !$*UTF8*$!
{
	archiveVersion = 1;
	classes = {
	};
	objectVersion = 46;
	objects = {

/* Begin PBXBuildFile section */
		D005CE961AEBD4AB00B06947 /* InterfaceController.m in Sources */ = {isa = PBXBuildFile; fileRef = D005CE951AEBD4AB00B06947 /* InterfaceController.m */; };
		D005CE991AEBD4AB00B06947 /* NotificationController.m in Sources */ = {isa = PBXBuildFile; fileRef = D005CE981AEBD4AB00B06947 /* NotificationController.m */; };
		D005CE9C1AEBD4AB00B06947 /* GlanceController.m in Sources */ = {isa = PBXBuildFile; fileRef = D005CE9B1AEBD4AB00B06947 /* GlanceController.m */; };
		D005CE9E1AEBD4AB00B06947 /* Images.xcassets in Resources */ = {isa = PBXBuildFile; fileRef = D005CE9D1AEBD4AB00B06947 /* Images.xcassets */; };
		D005CEA21AEBD4AB00B06947 /* iDatabase Single WatchKit App.app in Resources */ = {isa = PBXBuildFile; fileRef = D005CEA11AEBD4AB00B06947 /* iDatabase Single WatchKit App.app */; };
		D005CEAA1AEBD4AB00B06947 /* Interface.storyboard in Resources */ = {isa = PBXBuildFile; fileRef = D005CEA81AEBD4AB00B06947 /* Interface.storyboard */; };
		D005CEAC1AEBD4AB00B06947 /* Images.xcassets in Resources */ = {isa = PBXBuildFile; fileRef = D005CEAB1AEBD4AB00B06947 /* Images.xcassets */; };
		D005CEAF1AEBD4AB00B06947 /* iDatabase Single WatchKit Extension.appex in Embed App Extensions */ = {isa = PBXBuildFile; fileRef = D005CE8F1AEBD4AB00B06947 /* iDatabase Single WatchKit Extension.appex */; settings = {ATTRIBUTES = (RemoveHeadersOnCopy, ); }; };
		D0D0C4B91AEAA3F000B4EF95 /* Media.xcassets in Resources */ = {isa = PBXBuildFile; fileRef = D0D0C4B81AEAA3F000B4EF95 /* Media.xcassets */; };
		D0D0C4BC1AEAA8CC00B4EF95 /* NewBooksViewController.m in Sources */ = {isa = PBXBuildFile; fileRef = D0D0C4BB1AEAA8CC00B4EF95 /* NewBooksViewController.m */; };
		D0D0C4BF1AEAA9F500B4EF95 /* QueryViewController.m in Sources */ = {isa = PBXBuildFile; fileRef = D0D0C4BE1AEAA9F500B4EF95 /* QueryViewController.m */; };
		D0D0C4C21AEAAA2100B4EF95 /* OutletViewController.m in Sources */ = {isa = PBXBuildFile; fileRef = D0D0C4C11AEAAA2100B4EF95 /* OutletViewController.m */; };
		D0D0C4C51AEAAA3900B4EF95 /* SettingViewController.m in Sources */ = {isa = PBXBuildFile; fileRef = D0D0C4C41AEAAA3900B4EF95 /* SettingViewController.m */; };
		D0D0C4C81AEAAA6E00B4EF95 /* HomePageViewController.m in Sources */ = {isa = PBXBuildFile; fileRef = D0D0C4C71AEAAA6E00B4EF95 /* HomePageViewController.m */; };
		D0D0C4CB1AEAC2AA00B4EF95 /* AddNewCardViewController.m in Sources */ = {isa = PBXBuildFile; fileRef = D0D0C4CA1AEAC2AA00B4EF95 /* AddNewCardViewController.m */; };
		D0DFF6F11AEF15C400BD1B09 /* ShowAllBookTableViewController.m in Sources */ = {isa = PBXBuildFile; fileRef = D0DFF6F01AEF15C400BD1B09 /* ShowAllBookTableViewController.m */; };
		D0DFF6F41AEF163300BD1B09 /* BooksTable.m in Sources */ = {isa = PBXBuildFile; fileRef = D0DFF6F31AEF163300BD1B09 /* BooksTable.m */; };
		D0DFF6F71AEF65D300BD1B09 /* ShowAllCardTableViewController.m in Sources */ = {isa = PBXBuildFile; fileRef = D0DFF6F61AEF65D300BD1B09 /* ShowAllCardTableViewController.m */; };
		D0E8318A1AE90246006D088B /* main.m in Sources */ = {isa = PBXBuildFile; fileRef = D0E831891AE90246006D088B /* main.m */; };
		D0E8318D1AE90246006D088B /* AppDelegate.m in Sources */ = {isa = PBXBuildFile; fileRef = D0E8318C1AE90246006D088B /* AppDelegate.m */; };
		D0E831931AE90246006D088B /* Main.storyboard in Resources */ = {isa = PBXBuildFile; fileRef = D0E831911AE90246006D088B /* Main.storyboard */; };
		D0E831981AE90246006D088B /* LaunchScreen.xib in Resources */ = {isa = PBXBuildFile; fileRef = D0E831961AE90246006D088B /* LaunchScreen.xib */; };
		D0E831A41AE90246006D088B /* iDatabase_SingleTests.m in Sources */ = {isa = PBXBuildFile; fileRef = D0E831A31AE90246006D088B /* iDatabase_SingleTests.m */; };
		D0E831AF1AE9066F006D088B /* LoginViewController.m in Sources */ = {isa = PBXBuildFile; fileRef = D0E831AE1AE9066F006D088B /* LoginViewController.m */; };
		D0E831B51AE906F2006D088B /* Database.m in Sources */ = {isa = PBXBuildFile; fileRef = D0E831B41AE906F2006D088B /* Database.m */; };
		D0E831B71AE90770006D088B /* libsqlite3.dylib in Frameworks */ = {isa = PBXBuildFile; fileRef = D0E831B61AE90770006D088B /* libsqlite3.dylib */; };
/* End PBXBuildFile section */

/* Begin PBXContainerItemProxy section */
		D005CEA31AEBD4AB00B06947 /* PBXContainerItemProxy */ = {
			isa = PBXContainerItemProxy;
			containerPortal = D0E8317C1AE90246006D088B /* Project object */;
			proxyType = 1;
			remoteGlobalIDString = D005CEA01AEBD4AB00B06947;
			remoteInfo = "iDatabase Single WatchKit App";
		};
		D005CEAD1AEBD4AB00B06947 /* PBXContainerItemProxy */ = {
			isa = PBXContainerItemProxy;
			containerPortal = D0E8317C1AE90246006D088B /* Project object */;
			proxyType = 1;
			remoteGlobalIDString = D005CE8E1AEBD4AB00B06947;
			remoteInfo = "iDatabase Single WatchKit Extension";
		};
		D0E8319E1AE90246006D088B /* PBXContainerItemProxy */ = {
			isa = PBXContainerItemProxy;
			containerPortal = D0E8317C1AE90246006D088B /* Project object */;
			proxyType = 1;
			remoteGlobalIDString = D0E831831AE90246006D088B;
			remoteInfo = "iDatabase Single";
		};
/* End PBXContainerItemProxy section */

/* Begin PBXCopyFilesBuildPhase section */
		D005CEB61AEBD4AB00B06947 /* Embed App Extensions */ = {
			isa = PBXCopyFilesBuildPhase;
			buildActionMask = 2147483647;
			dstPath = "";
			dstSubfolderSpec = 13;
			files = (
				D005CEAF1AEBD4AB00B06947 /* iDatabase Single WatchKit Extension.appex in Embed App Extensions */,
			);
			name = "Embed App Extensions";
			runOnlyForDeploymentPostprocessing = 0;
		};
/* End PBXCopyFilesBuildPhase section */

/* Begin PBXFileReference section */
		D005CE8F1AEBD4AB00B06947 /* iDatabase Single WatchKit Extension.appex */ = {isa = PBXFileReference; explicitFileType = "wrapper.app-extension"; includeInIndex = 0; path = "iDatabase Single WatchKit Extension.appex"; sourceTree = BUILT_PRODUCTS_DIR; };
		D005CE921AEBD4AB00B06947 /* Info.plist */ = {isa = PBXFileReference; lastKnownFileType = text.plist.xml; path = Info.plist; sourceTree = "<group>"; };
		D005CE931AEBD4AB00B06947 /* PushNotificationPayload.apns */ = {isa = PBXFileReference; lastKnownFileType = text; path = PushNotificationPayload.apns; sourceTree = "<group>"; };
		D005CE941AEBD4AB00B06947 /* InterfaceController.h */ = {isa = PBXFileReference; lastKnownFileType = sourcecode.c.h; path = InterfaceController.h; sourceTree = "<group>"; };
		D005CE951AEBD4AB00B06947 /* InterfaceController.m */ = {isa = PBXFileReference; lastKnownFileType = sourcecode.c.objc; path = InterfaceController.m; sourceTree = "<group>"; };
		D005CE971AEBD4AB00B06947 /* NotificationController.h */ = {isa = PBXFileReference; lastKnownFileType = sourcecode.c.h; path = NotificationController.h; sourceTree = "<group>"; };
		D005CE981AEBD4AB00B06947 /* NotificationController.m */ = {isa = PBXFileReference; lastKnownFileType = sourcecode.c.objc; path = NotificationController.m; sourceTree = "<group>"; };
		D005CE9A1AEBD4AB00B06947 /* GlanceController.h */ = {isa = PBXFileReference; lastKnownFileType = sourcecode.c.h; path = GlanceController.h; sourceTree = "<group>"; };
		D005CE9B1AEBD4AB00B06947 /* GlanceController.m */ = {isa = PBXFileReference; lastKnownFileType = sourcecode.c.objc; path = GlanceController.m; sourceTree = "<group>"; };
		D005CE9D1AEBD4AB00B06947 /* Images.xcassets */ = {isa = PBXFileReference; lastKnownFileType = folder.assetcatalog; path = Images.xcassets; sourceTree = "<group>"; };
		D005CEA11AEBD4AB00B06947 /* iDatabase Single WatchKit App.app */ = {isa = PBXFileReference; explicitFileType = wrapper.application; includeInIndex = 0; path = "iDatabase Single WatchKit App.app"; sourceTree = BUILT_PRODUCTS_DIR; };
		D005CEA71AEBD4AB00B06947 /* Info.plist */ = {isa = PBXFileReference; lastKnownFileType = text.plist.xml; path = Info.plist; sourceTree = "<group>"; };
		D005CEA91AEBD4AB00B06947 /* Base */ = {isa = PBXFileReference; lastKnownFileType = file.storyboard; name = Base; path = Base.lproj/Interface.storyboard; sourceTree = "<group>"; };
		D005CEAB1AEBD4AB00B06947 /* Images.xcassets */ = {isa = PBXFileReference; lastKnownFileType = folder.assetcatalog; path = Images.xcassets; sourceTree = "<group>"; };
		D0D0C4B81AEAA3F000B4EF95 /* Media.xcassets */ = {isa = PBXFileReference; lastKnownFileType = folder.assetcatalog; path = Media.xcassets; sourceTree = "<group>"; };
		D0D0C4BA1AEAA8CC00B4EF95 /* NewBooksViewController.h */ = {isa = PBXFileReference; fileEncoding = 4; lastKnownFileType = sourcecode.c.h; path = NewBooksViewController.h; sourceTree = "<group>"; };
		D0D0C4BB1AEAA8CC00B4EF95 /* NewBooksViewController.m */ = {isa = PBXFileReference; fileEncoding = 4; lastKnownFileType = sourcecode.c.objc; path = NewBooksViewController.m; sourceTree = "<group>"; };
		D0D0C4BD1AEAA9F500B4EF95 /* QueryViewController.h */ = {isa = PBXFileReference; fileEncoding = 4; lastKnownFileType = sourcecode.c.h; path = QueryViewController.h; sourceTree = "<group>"; };
		D0D0C4BE1AEAA9F500B4EF95 /* QueryViewController.m */ = {isa = PBXFileReference; fileEncoding = 4; lastKnownFileType = sourcecode.c.objc; path = QueryViewController.m; sourceTree = "<group>"; };
		D0D0C4C01AEAAA2100B4EF95 /* OutletViewController.h */ = {isa = PBXFileReference; fileEncoding = 4; lastKnownFileType = sourcecode.c.h; path = OutletViewController.h; sourceTree = "<group>"; };
		D0D0C4C11AEAAA2100B4EF95 /* OutletViewController.m */ = {isa = PBXFileReference; fileEncoding = 4; lastKnownFileType = sourcecode.c.objc; path = OutletViewController.m; sourceTree = "<group>"; };
		D0D0C4C31AEAAA3900B4EF95 /* SettingViewController.h */ = {isa = PBXFileReference; fileEncoding = 4; lastKnownFileType = sourcecode.c.h; path = SettingViewController.h; sourceTree = "<group>"; };
		D0D0C4C41AEAAA3900B4EF95 /* SettingViewController.m */ = {isa = PBXFileReference; fileEncoding = 4; lastKnownFileType = sourcecode.c.objc; path = SettingViewController.m; sourceTree = "<group>"; };
		D0D0C4C61AEAAA6E00B4EF95 /* HomePageViewController.h */ = {isa = PBXFileReference; fileEncoding = 4; lastKnownFileType = sourcecode.c.h; name = HomePageViewController.h; path = ../HomePageViewController.h; sourceTree = "<group>"; };
		D0D0C4C71AEAAA6E00B4EF95 /* HomePageViewController.m */ = {isa = PBXFileReference; fileEncoding = 4; lastKnownFileType = sourcecode.c.objc; name = HomePageViewController.m; path = ../HomePageViewController.m; sourceTree = "<group>"; };
		D0D0C4C91AEAC2AA00B4EF95 /* AddNewCardViewController.h */ = {isa = PBXFileReference; fileEncoding = 4; lastKnownFileType = sourcecode.c.h; path = AddNewCardViewController.h; sourceTree = "<group>"; };
		D0D0C4CA1AEAC2AA00B4EF95 /* AddNewCardViewController.m */ = {isa = PBXFileReference; fileEncoding = 4; lastKnownFileType = sourcecode.c.objc; path = AddNewCardViewController.m; sourceTree = "<group>"; };
		D0DFF6EF1AEF15C400BD1B09 /* ShowAllBookTableViewController.h */ = {isa = PBXFileReference; fileEncoding = 4; lastKnownFileType = sourcecode.c.h; path = ShowAllBookTableViewController.h; sourceTree = "<group>"; };
		D0DFF6F01AEF15C400BD1B09 /* ShowAllBookTableViewController.m */ = {isa = PBXFileReference; fileEncoding = 4; lastKnownFileType = sourcecode.c.objc; path = ShowAllBookTableViewController.m; sourceTree = "<group>"; };
		D0DFF6F21AEF163300BD1B09 /* BooksTable.h */ = {isa = PBXFileReference; fileEncoding = 4; lastKnownFileType = sourcecode.c.h; path = BooksTable.h; sourceTree = "<group>"; };
		D0DFF6F31AEF163300BD1B09 /* BooksTable.m */ = {isa = PBXFileReference; fileEncoding = 4; lastKnownFileType = sourcecode.c.objc; path = BooksTable.m; sourceTree = "<group>"; };
		D0DFF6F51AEF65D300BD1B09 /* ShowAllCardTableViewController.h */ = {isa = PBXFileReference; fileEncoding = 4; lastKnownFileType = sourcecode.c.h; path = ShowAllCardTableViewController.h; sourceTree = "<group>"; };
		D0DFF6F61AEF65D300BD1B09 /* ShowAllCardTableViewController.m */ = {isa = PBXFileReference; fileEncoding = 4; lastKnownFileType = sourcecode.c.objc; path = ShowAllCardTableViewController.m; sourceTree = "<group>"; };
		D0E831841AE90246006D088B /* iDatabase Single.app */ = {isa = PBXFileReference; explicitFileType = wrapper.application; includeInIndex = 0; path = "iDatabase Single.app"; sourceTree = BUILT_PRODUCTS_DIR; };
		D0E831881AE90246006D088B /* Info.plist */ = {isa = PBXFileReference; lastKnownFileType = text.plist.xml; path = Info.plist; sourceTree = "<group>"; };
		D0E831891AE90246006D088B /* main.m */ = {isa = PBXFileReference; lastKnownFileType = sourcecode.c.objc; path = main.m; sourceTree = "<group>"; };
		D0E8318B1AE90246006D088B /* AppDelegate.h */ = {isa = PBXFileReference; lastKnownFileType = sourcecode.c.h; path = AppDelegate.h; sourceTree = "<group>"; };
		D0E8318C1AE90246006D088B /* AppDelegate.m */ = {isa = PBXFileReference; lastKnownFileType = sourcecode.c.objc; path = AppDelegate.m; sourceTree = "<group>"; };
		D0E831921AE90246006D088B /* Base */ = {isa = PBXFileReference; lastKnownFileType = file.storyboard; name = Base; path = Base.lproj/Main.storyboard; sourceTree = "<group>"; };
		D0E831971AE90246006D088B /* Base */ = {isa = PBXFileReference; lastKnownFileType = file.xib; name = Base; path = Base.lproj/LaunchScreen.xib; sourceTree = "<group>"; };
		D0E8319D1AE90246006D088B /* iDatabase SingleTests.xctest */ = {isa = PBXFileReference; explicitFileType = wrapper.cfbundle; includeInIndex = 0; path = "iDatabase SingleTests.xctest"; sourceTree = BUILT_PRODUCTS_DIR; };
		D0E831A21AE90246006D088B /* Info.plist */ = {isa = PBXFileReference; lastKnownFileType = text.plist.xml; path = Info.plist; sourceTree = "<group>"; };
		D0E831A31AE90246006D088B /* iDatabase_SingleTests.m */ = {isa = PBXFileReference; lastKnownFileType = sourcecode.c.objc; path = iDatabase_SingleTests.m; sourceTree = "<group>"; };
		D0E831AD1AE9066F006D088B /* LoginViewController.h */ = {isa = PBXFileReference; fileEncoding = 4; lastKnownFileType = sourcecode.c.h; path = LoginViewController.h; sourceTree = "<group>"; };
		D0E831AE1AE9066F006D088B /* LoginViewController.m */ = {isa = PBXFileReference; fileEncoding = 4; lastKnownFileType = sourcecode.c.objc; path = LoginViewController.m; sourceTree = "<group>"; };
		D0E831B31AE906F2006D088B /* Database.h */ = {isa = PBXFileReference; fileEncoding = 4; lastKnownFileType = sourcecode.c.h; path = Database.h; sourceTree = "<group>"; };
		D0E831B41AE906F2006D088B /* Database.m */ = {isa = PBXFileReference; fileEncoding = 4; lastKnownFileType = sourcecode.c.objc; path = Database.m; sourceTree = "<group>"; };
		D0E831B61AE90770006D088B /* libsqlite3.dylib */ = {isa = PBXFileReference; lastKnownFileType = "compiled.mach-o.dylib"; name = libsqlite3.dylib; path = usr/lib/libsqlite3.dylib; sourceTree = SDKROOT; };
/* End PBXFileReference section */

/* Begin PBXFrameworksBuildPhase section */
		D005CE8C1AEBD4AB00B06947 /* Frameworks */ = {
			isa = PBXFrameworksBuildPhase;
			buildActionMask = 2147483647;
			files = (
			);
			runOnlyForDeploymentPostprocessing = 0;
		};
		D0E831811AE90246006D088B /* Frameworks */ = {
			isa = PBXFrameworksBuildPhase;
			buildActionMask = 2147483647;
			files = (
				D0E831B71AE90770006D088B /* libsqlite3.dylib in Frameworks */,
			);
			runOnlyForDeploymentPostprocessing = 0;
		};
		D0E8319A1AE90246006D088B /* Frameworks */ = {
			isa = PBXFrameworksBuildPhase;
			buildActionMask = 2147483647;
			files = (
			);
			runOnlyForDeploymentPostprocessing = 0;
		};
/* End PBXFrameworksBuildPhase section */

/* Begin PBXGroup section */
		D005CE901AEBD4AB00B06947 /* iDatabase Single WatchKit Extension */ = {
			isa = PBXGroup;
			children = (
				D005CE941AEBD4AB00B06947 /* InterfaceController.h */,
				D005CE951AEBD4AB00B06947 /* InterfaceController.m */,
				D005CE971AEBD4AB00B06947 /* NotificationController.h */,
				D005CE981AEBD4AB00B06947 /* NotificationController.m */,
				D005CE9A1AEBD4AB00B06947 /* GlanceController.h */,
				D005CE9B1AEBD4AB00B06947 /* GlanceController.m */,
				D005CE9D1AEBD4AB00B06947 /* Images.xcassets */,
				D005CE911AEBD4AB00B06947 /* Supporting Files */,
			);
			path = "iDatabase Single WatchKit Extension";
			sourceTree = "<group>";
		};
		D005CE911AEBD4AB00B06947 /* Supporting Files */ = {
			isa = PBXGroup;
			children = (
				D005CE921AEBD4AB00B06947 /* Info.plist */,
				D005CE931AEBD4AB00B06947 /* PushNotificationPayload.apns */,
			);
			name = "Supporting Files";
			sourceTree = "<group>";
		};
		D005CEA51AEBD4AB00B06947 /* iDatabase Single WatchKit App */ = {
			isa = PBXGroup;
			children = (
				D005CEA81AEBD4AB00B06947 /* Interface.storyboard */,
				D005CEAB1AEBD4AB00B06947 /* Images.xcassets */,
				D005CEA61AEBD4AB00B06947 /* Supporting Files */,
			);
			path = "iDatabase Single WatchKit App";
			sourceTree = "<group>";
		};
		D005CEA61AEBD4AB00B06947 /* Supporting Files */ = {
			isa = PBXGroup;
			children = (
				D005CEA71AEBD4AB00B06947 /* Info.plist */,
			);
			name = "Supporting Files";
			sourceTree = "<group>";
		};
		D0E8317B1AE90246006D088B = {
			isa = PBXGroup;
			children = (
				D0E831B61AE90770006D088B /* libsqlite3.dylib */,
				D0E831861AE90246006D088B /* iDatabase Single */,
				D0E831A01AE90246006D088B /* iDatabase SingleTests */,
				D005CE901AEBD4AB00B06947 /* iDatabase Single WatchKit Extension */,
				D005CEA51AEBD4AB00B06947 /* iDatabase Single WatchKit App */,
				D0E831851AE90246006D088B /* Products */,
			);
			sourceTree = "<group>";
		};
		D0E831851AE90246006D088B /* Products */ = {
			isa = PBXGroup;
			children = (
				D0E831841AE90246006D088B /* iDatabase Single.app */,
				D0E8319D1AE90246006D088B /* iDatabase SingleTests.xctest */,
				D005CE8F1AEBD4AB00B06947 /* iDatabase Single WatchKit Extension.appex */,
				D005CEA11AEBD4AB00B06947 /* iDatabase Single WatchKit App.app */,
			);
			name = Products;
			sourceTree = "<group>";
		};
		D0E831861AE90246006D088B /* iDatabase Single */ = {
			isa = PBXGroup;
			children = (
				D0D0C4C61AEAAA6E00B4EF95 /* HomePageViewController.h */,
				D0D0C4C71AEAAA6E00B4EF95 /* HomePageViewController.m */,
				D0E8318B1AE90246006D088B /* AppDelegate.h */,
				D0E8318C1AE90246006D088B /* AppDelegate.m */,
				D0E831B31AE906F2006D088B /* Database.h */,
				D0E831B41AE906F2006D088B /* Database.m */,
				D0E831AD1AE9066F006D088B /* LoginViewController.h */,
				D0E831AE1AE9066F006D088B /* LoginViewController.m */,
				D0E831911AE90246006D088B /* Main.storyboard */,
				D0DFF6F51AEF65D300BD1B09 /* ShowAllCardTableViewController.h */,
				D0DFF6F61AEF65D300BD1B09 /* ShowAllCardTableViewController.m */,
				D0D0C4C91AEAC2AA00B4EF95 /* AddNewCardViewController.h */,
				D0D0C4CA1AEAC2AA00B4EF95 /* AddNewCardViewController.m */,
				D0D0C4C31AEAAA3900B4EF95 /* SettingViewController.h */,
				D0D0C4C41AEAAA3900B4EF95 /* SettingViewController.m */,
				D0D0C4C01AEAAA2100B4EF95 /* OutletViewController.h */,
				D0D0C4C11AEAAA2100B4EF95 /* OutletViewController.m */,
				D0D0C4BD1AEAA9F500B4EF95 /* QueryViewController.h */,
				D0D0C4BE1AEAA9F500B4EF95 /* QueryViewController.m */,
				D0D0C4BA1AEAA8CC00B4EF95 /* NewBooksViewController.h */,
				D0DFF6EF1AEF15C400BD1B09 /* ShowAllBookTableViewController.h */,
				D0DFF6F01AEF15C400BD1B09 /* ShowAllBookTableViewController.m */,
				D0DFF6F21AEF163300BD1B09 /* BooksTable.h */,
				D0DFF6F31AEF163300BD1B09 /* BooksTable.m */,
				D0D0C4BB1AEAA8CC00B4EF95 /* NewBooksViewController.m */,
				D0E831961AE90246006D088B /* LaunchScreen.xib */,
				D0E831871AE90246006D088B /* Supporting Files */,
				D0D0C4B81AEAA3F000B4EF95 /* Media.xcassets */,
			);
			path = "iDatabase Single";
			sourceTree = "<group>";
		};
		D0E831871AE90246006D088B /* Supporting Files */ = {
			isa = PBXGroup;
			children = (
				D0E831881AE90246006D088B /* Info.plist */,
				D0E831891AE90246006D088B /* main.m */,
			);
			name = "Supporting Files";
			sourceTree = "<group>";
		};
		D0E831A01AE90246006D088B /* iDatabase SingleTests */ = {
			isa = PBXGroup;
			children = (
				D0E831A31AE90246006D088B /* iDatabase_SingleTests.m */,
				D0E831A11AE90246006D088B /* Supporting Files */,
			);
			path = "iDatabase SingleTests";
			sourceTree = "<group>";
		};
		D0E831A11AE90246006D088B /* Supporting Files */ = {
			isa = PBXGroup;
			children = (
				D0E831A21AE90246006D088B /* Info.plist */,
			);
			name = "Supporting Files";
			sourceTree = "<group>";
		};
/* End PBXGroup section */

/* Begin PBXNativeTarget section */
		D005CE8E1AEBD4AB00B06947 /* iDatabase Single WatchKit Extension */ = {
			isa = PBXNativeTarget;
			buildConfigurationList = D005CEB51AEBD4AB00B06947 /* Build configuration list for PBXNativeTarget "iDatabase Single WatchKit Extension" */;
			buildPhases = (
				D005CE8B1AEBD4AB00B06947 /* Sources */,
				D005CE8C1AEBD4AB00B06947 /* Frameworks */,
				D005CE8D1AEBD4AB00B06947 /* Resources */,
			);
			buildRules = (
			);
			dependencies = (
				D005CEA41AEBD4AB00B06947 /* PBXTargetDependency */,
			);
			name = "iDatabase Single WatchKit Extension";
			productName = "iDatabase Single WatchKit Extension";
			productReference = D005CE8F1AEBD4AB00B06947 /* iDatabase Single WatchKit Extension.appex */;
			productType = "com.apple.product-type.watchkit-extension";
		};
		D005CEA01AEBD4AB00B06947 /* iDatabase Single WatchKit App */ = {
			isa = PBXNativeTarget;
			buildConfigurationList = D005CEB41AEBD4AB00B06947 /* Build configuration list for PBXNativeTarget "iDatabase Single WatchKit App" */;
			buildPhases = (
				D005CE9F1AEBD4AB00B06947 /* Resources */,
			);
			buildRules = (
			);
			dependencies = (
			);
			name = "iDatabase Single WatchKit App";
			productName = "iDatabase Single WatchKit App";
			productReference = D005CEA11AEBD4AB00B06947 /* iDatabase Single WatchKit App.app */;
			productType = "com.apple.product-type.application.watchapp";
		};
		D0E831831AE90246006D088B /* iDatabase Single */ = {
			isa = PBXNativeTarget;
			buildConfigurationList = D0E831A71AE90246006D088B /* Build configuration list for PBXNativeTarget "iDatabase Single" */;
			buildPhases = (
				D0E831801AE90246006D088B /* Sources */,
				D0E831811AE90246006D088B /* Frameworks */,
				D0E831821AE90246006D088B /* Resources */,
				D005CEB61AEBD4AB00B06947 /* Embed App Extensions */,
			);
			buildRules = (
			);
			dependencies = (
				D005CEAE1AEBD4AB00B06947 /* PBXTargetDependency */,
			);
			name = "iDatabase Single";
			productName = "iDatabase Single";
			productReference = D0E831841AE90246006D088B /* iDatabase Single.app */;
			productType = "com.apple.product-type.application";
		};
		D0E8319C1AE90246006D088B /* iDatabase SingleTests */ = {
			isa = PBXNativeTarget;
			buildConfigurationList = D0E831AA1AE90246006D088B /* Build configuration list for PBXNativeTarget "iDatabase SingleTests" */;
			buildPhases = (
				D0E831991AE90246006D088B /* Sources */,
				D0E8319A1AE90246006D088B /* Frameworks */,
				D0E8319B1AE90246006D088B /* Resources */,
			);
			buildRules = (
			);
			dependencies = (
				D0E8319F1AE90246006D088B /* PBXTargetDependency */,
			);
			name = "iDatabase SingleTests";
			productName = "iDatabase SingleTests";
			productReference = D0E8319D1AE90246006D088B /* iDatabase SingleTests.xctest */;
			productType = "com.apple.product-type.bundle.unit-test";
		};
/* End PBXNativeTarget section */

/* Begin PBXProject section */
		D0E8317C1AE90246006D088B /* Project object */ = {
			isa = PBXProject;
			attributes = {
				LastUpgradeCheck = 0630;
				ORGANIZATIONNAME = GreysTone;
				TargetAttributes = {
					D005CE8E1AEBD4AB00B06947 = {
						CreatedOnToolsVersion = 6.3;
					};
					D005CEA01AEBD4AB00B06947 = {
						CreatedOnToolsVersion = 6.3;
					};
					D0E831831AE90246006D088B = {
						CreatedOnToolsVersion = 6.3;
					};
					D0E8319C1AE90246006D088B = {
						CreatedOnToolsVersion = 6.3;
						TestTargetID = D0E831831AE90246006D088B;
					};
				};
			};
			buildConfigurationList = D0E8317F1AE90246006D088B /* Build configuration list for PBXProject "iDatabase Single" */;
			compatibilityVersion = "Xcode 3.2";
			developmentRegion = English;
			hasScannedForEncodings = 0;
			knownRegions = (
				en,
				Base,
			);
			mainGroup = D0E8317B1AE90246006D088B;
			productRefGroup = D0E831851AE90246006D088B /* Products */;
			projectDirPath = "";
			projectRoot = "";
			targets = (
				D0E831831AE90246006D088B /* iDatabase Single */,
				D0E8319C1AE90246006D088B /* iDatabase SingleTests */,
				D005CE8E1AEBD4AB00B06947 /* iDatabase Single WatchKit Extension */,
				D005CEA01AEBD4AB00B06947 /* iDatabase Single WatchKit App */,
			);
		};
/* End PBXProject section */

/* Begin PBXResourcesBuildPhase section */
		D005CE8D1AEBD4AB00B06947 /* Resources */ = {
			isa = PBXResourcesBuildPhase;
			buildActionMask = 2147483647;
			files = (
				D005CEA21AEBD4AB00B06947 /* iDatabase Single WatchKit App.app in Resources */,
				D005CE9E1AEBD4AB00B06947 /* Images.xcassets in Resources */,
			);
			runOnlyForDeploymentPostprocessing = 0;
		};
		D005CE9F1AEBD4AB00B06947 /* Resources */ = {
			isa = PBXResourcesBuildPhase;
			buildActionMask = 2147483647;
			files = (
				D005CEAA1AEBD4AB00B06947 /* Interface.storyboard in Resources */,
				D005CEAC1AEBD4AB00B06947 /* Images.xcassets in Resources */,
			);
			runOnlyForDeploymentPostprocessing = 0;
		};
		D0E831821AE90246006D088B /* Resources */ = {
			isa = PBXResourcesBuildPhase;
			buildActionMask = 2147483647;
			files = (
				D0E831931AE90246006D088B /* Main.storyboard in Resources */,
				D0D0C4B91AEAA3F000B4EF95 /* Media.xcassets in Resources */,
				D0E831981AE90246006D088B /* LaunchScreen.xib in Resources */,
			);
			runOnlyForDeploymentPostprocessing = 0;
		};
		D0E8319B1AE90246006D088B /* Resources */ = {
			isa = PBXResourcesBuildPhase;
			buildActionMask = 2147483647;
			files = (
			);
			runOnlyForDeploymentPostprocessing = 0;
		};
/* End PBXResourcesBuildPhase section */

/* Begin PBXSourcesBuildPhase section */
		D005CE8B1AEBD4AB00B06947 /* Sources */ = {
			isa = PBXSourcesBuildPhase;
			buildActionMask = 2147483647;
			files = (
				D005CE991AEBD4AB00B06947 /* NotificationController.m in Sources */,
				D005CE961AEBD4AB00B06947 /* InterfaceController.m in Sources */,
				D005CE9C1AEBD4AB00B06947 /* GlanceController.m in Sources */,
			);
			runOnlyForDeploymentPostprocessing = 0;
		};
		D0E831801AE90246006D088B /* Sources */ = {
			isa = PBXSourcesBuildPhase;
			buildActionMask = 2147483647;
			files = (
				D0D0C4BC1AEAA8CC00B4EF95 /* NewBooksViewController.m in Sources */,
				D0DFF6F41AEF163300BD1B09 /* BooksTable.m in Sources */,
				D0E8318D1AE90246006D088B /* AppDelegate.m in Sources */,
				D0DFF6F11AEF15C400BD1B09 /* ShowAllBookTableViewController.m in Sources */,
				D0D0C4C81AEAAA6E00B4EF95 /* HomePageViewController.m in Sources */,
				D0D0C4CB1AEAC2AA00B4EF95 /* AddNewCardViewController.m in Sources */,
				D0D0C4BF1AEAA9F500B4EF95 /* QueryViewController.m in Sources */,
				D0E831B51AE906F2006D088B /* Database.m in Sources */,
				D0E8318A1AE90246006D088B /* main.m in Sources */,
				D0D0C4C51AEAAA3900B4EF95 /* SettingViewController.m in Sources */,
				D0D0C4C21AEAAA2100B4EF95 /* OutletViewController.m in Sources */,
				D0DFF6F71AEF65D300BD1B09 /* ShowAllCardTableViewController.m in Sources */,
				D0E831AF1AE9066F006D088B /* LoginViewController.m in Sources */,
			);
			runOnlyForDeploymentPostprocessing = 0;
		};
		D0E831991AE90246006D088B /* Sources */ = {
			isa = PBXSourcesBuildPhase;
			buildActionMask = 2147483647;
			files = (
				D0E831A41AE90246006D088B /* iDatabase_SingleTests.m in Sources */,
			);
			runOnlyForDeploymentPostprocessing = 0;
		};
/* End PBXSourcesBuildPhase section */

/* Begin PBXTargetDependency section */
		D005CEA41AEBD4AB00B06947 /* PBXTargetDependency */ = {
			isa = PBXTargetDependency;
			target = D005CEA01AEBD4AB00B06947 /* iDatabase Single WatchKit App */;
			targetProxy = D005CEA31AEBD4AB00B06947 /* PBXContainerItemProxy */;
		};
		D005CEAE1AEBD4AB00B06947 /* PBXTargetDependency */ = {
			isa = PBXTargetDependency;
			target = D005CE8E1AEBD4AB00B06947 /* iDatabase Single WatchKit Extension */;
			targetProxy = D005CEAD1AEBD4AB00B06947 /* PBXContainerItemProxy */;
		};
		D0E8319F1AE90246006D088B /* PBXTargetDependency */ = {
			isa = PBXTargetDependency;
			target = D0E831831AE90246006D088B /* iDatabase Single */;
			targetProxy = D0E8319E1AE90246006D088B /* PBXContainerItemProxy */;
		};
/* End PBXTargetDependency section */

/* Begin PBXVariantGroup section */
		D005CEA81AEBD4AB00B06947 /* Interface.storyboard */ = {
			isa = PBXVariantGroup;
			children = (
				D005CEA91AEBD4AB00B06947 /* Base */,
			);
			name = Interface.storyboard;
			sourceTree = "<group>";
		};
		D0E831911AE90246006D088B /* Main.storyboard */ = {
			isa = PBXVariantGroup;
			children = (
				D0E831921AE90246006D088B /* Base */,
			);
			name = Main.storyboard;
			sourceTree = "<group>";
		};
		D0E831961AE90246006D088B /* LaunchScreen.xib */ = {
			isa = PBXVariantGroup;
			children = (
				D0E831971AE90246006D088B /* Base */,
			);
			name = LaunchScreen.xib;
			sourceTree = "<group>";
		};
/* End PBXVariantGroup section */

/* Begin XCBuildConfiguration section */
		D005CEB01AEBD4AB00B06947 /* Debug */ = {
			isa = XCBuildConfiguration;
			buildSettings = {
				GCC_PREPROCESSOR_DEFINITIONS = (
					"DEBUG=1",
					"$(inherited)",
				);
				INFOPLIST_FILE = "iDatabase Single WatchKit Extension/Info.plist";
				LD_RUNPATH_SEARCH_PATHS = "$(inherited) @executable_path/Frameworks @executable_path/../../Frameworks";
				PRODUCT_NAME = "${TARGET_NAME}";
				SKIP_INSTALL = YES;
			};
			name = Debug;
		};
		D005CEB11AEBD4AB00B06947 /* Release */ = {
			isa = XCBuildConfiguration;
			buildSettings = {
				INFOPLIST_FILE = "iDatabase Single WatchKit Extension/Info.plist";
				LD_RUNPATH_SEARCH_PATHS = "$(inherited) @executable_path/Frameworks @executable_path/../../Frameworks";
				PRODUCT_NAME = "${TARGET_NAME}";
				SKIP_INSTALL = YES;
			};
			name = Release;
		};
		D005CEB21AEBD4AB00B06947 /* Debug */ = {
			isa = XCBuildConfiguration;
			buildSettings = {
				ASSETCATALOG_COMPILER_APPICON_NAME = AppIcon;
				GCC_PREPROCESSOR_DEFINITIONS = (
					"DEBUG=1",
					"$(inherited)",
				);
				IBSC_MODULE = iDatabase_Single_WatchKit_Extension;
				INFOPLIST_FILE = "iDatabase Single WatchKit App/Info.plist";
				IPHONEOS_DEPLOYMENT_TARGET = 8.2;
				PRODUCT_NAME = "$(TARGET_NAME)";
				SKIP_INSTALL = YES;
				TARGETED_DEVICE_FAMILY = 4;
				"TARGETED_DEVICE_FAMILY[sdk=iphonesimulator*]" = "1,4";
			};
			name = Debug;
		};
		D005CEB31AEBD4AB00B06947 /* Release */ = {
			isa = XCBuildConfiguration;
			buildSettings = {
				ASSETCATALOG_COMPILER_APPICON_NAME = AppIcon;
				IBSC_MODULE = iDatabase_Single_WatchKit_Extension;
				INFOPLIST_FILE = "iDatabase Single WatchKit App/Info.plist";
				IPHONEOS_DEPLOYMENT_TARGET = 8.2;
				PRODUCT_NAME = "$(TARGET_NAME)";
				SKIP_INSTALL = YES;
				TARGETED_DEVICE_FAMILY = 4;
				"TARGETED_DEVICE_FAMILY[sdk=iphonesimulator*]" = "1,4";
			};
			name = Release;
		};
		D0E831A51AE90246006D088B /* Debug */ = {
			isa = XCBuildConfiguration;
			buildSettings = {
				ALWAYS_SEARCH_USER_PATHS = NO;
				CLANG_CXX_LANGUAGE_STANDARD = "gnu++0x";
				CLANG_CXX_LIBRARY = "libc++";
				CLANG_ENABLE_MODULES = YES;
				CLANG_ENABLE_OBJC_ARC = YES;
				CLANG_WARN_BOOL_CONVERSION = YES;
				CLANG_WARN_CONSTANT_CONVERSION = YES;
				CLANG_WARN_DIRECT_OBJC_ISA_USAGE = YES_ERROR;
				CLANG_WARN_EMPTY_BODY = YES;
				CLANG_WARN_ENUM_CONVERSION = YES;
				CLANG_WARN_INT_CONVERSION = YES;
				CLANG_WARN_OBJC_ROOT_CLASS = YES_ERROR;
				CLANG_WARN_UNREACHABLE_CODE = YES;
				CLANG_WARN__DUPLICATE_METHOD_MATCH = YES;
				"CODE_SIGN_IDENTITY[sdk=iphoneos*]" = "iPhone Developer";
				COPY_PHASE_STRIP = NO;
				DEBUG_INFORMATION_FORMAT = "dwarf-with-dsym";
				ENABLE_STRICT_OBJC_MSGSEND = YES;
				GCC_C_LANGUAGE_STANDARD = gnu99;
				GCC_DYNAMIC_NO_PIC = NO;
				GCC_NO_COMMON_BLOCKS = YES;
				GCC_OPTIMIZATION_LEVEL = 0;
				GCC_PREPROCESSOR_DEFINITIONS = (
					"DEBUG=1",
					"$(inherited)",
				);
				GCC_SYMBOLS_PRIVATE_EXTERN = NO;
				GCC_WARN_64_TO_32_BIT_CONVERSION = YES;
				GCC_WARN_ABOUT_RETURN_TYPE = YES_ERROR;
				GCC_WARN_UNDECLARED_SELECTOR = YES;
				GCC_WARN_UNINITIALIZED_AUTOS = YES_AGGRESSIVE;
				GCC_WARN_UNUSED_FUNCTION = YES;
				GCC_WARN_UNUSED_VARIABLE = YES;
				IPHONEOS_DEPLOYMENT_TARGET = 8.3;
				MTL_ENABLE_DEBUG_INFO = YES;
				ONLY_ACTIVE_ARCH = YES;
				SDKROOT = iphoneos;
				TARGETED_DEVICE_FAMILY = "1,2";
			};
			name = Debug;
		};
		D0E831A61AE90246006D088B /* Release */ = {
			isa = XCBuildConfiguration;
			buildSettings = {
				ALWAYS_SEARCH_USER_PATHS = NO;
				CLANG_CXX_LANGUAGE_STANDARD = "gnu++0x";
				CLANG_CXX_LIBRARY = "libc++";
				CLANG_ENABLE_MODULES = YES;
				CLANG_ENABLE_OBJC_ARC = YES;
				CLANG_WARN_BOOL_CONVERSION = YES;
				CLANG_WARN_CONSTANT_CONVERSION = YES;
				CLANG_WARN_DIRECT_OBJC_ISA_USAGE = YES_ERROR;
				CLANG_WARN_EMPTY_BODY = YES;
				CLANG_WARN_ENUM_CONVERSION = YES;
				CLANG_WARN_INT_CONVERSION = YES;
				CLANG_WARN_OBJC_ROOT_CLASS = YES_ERROR;
				CLANG_WARN_UNREACHABLE_CODE = YES;
				CLANG_WARN__DUPLICATE_METHOD_MATCH = YES;
				"CODE_SIGN_IDENTITY[sdk=iphoneos*]" = "iPhone Developer";
				COPY_PHASE_STRIP = NO;
				DEBUG_INFORMATION_FORMAT = "dwarf-with-dsym";
				ENABLE_NS_ASSERTIONS = NO;
				ENABLE_STRICT_OBJC_MSGSEND = YES;
				GCC_C_LANGUAGE_STANDARD = gnu99;
				GCC_NO_COMMON_BLOCKS = YES;
				GCC_WARN_64_TO_32_BIT_CONVERSION = YES;
				GCC_WARN_ABOUT_RETURN_TYPE = YES_ERROR;
				GCC_WARN_UNDECLARED_SELECTOR = YES;
				GCC_WARN_UNINITIALIZED_AUTOS = YES_AGGRESSIVE;
				GCC_WARN_UNUSED_FUNCTION = YES;
				GCC_WARN_UNUSED_VARIABLE = YES;
				IPHONEOS_DEPLOYMENT_TARGET = 8.3;
				MTL_ENABLE_DEBUG_INFO = NO;
				SDKROOT = iphoneos;
				TARGETED_DEVICE_FAMILY = "1,2";
				VALIDATE_PRODUCT = YES;
			};
			name = Release;
		};
		D0E831A81AE90246006D088B /* Debug */ = {
			isa = XCBuildConfiguration;
			buildSettings = {
				ASSETCATALOG_COMPILER_APPICON_NAME = AppIcon;
				INFOPLIST_FILE = "iDatabase Single/Info.plist";
				LD_RUNPATH_SEARCH_PATHS = "$(inherited) @executable_path/Frameworks";
				PRODUCT_NAME = "$(TARGET_NAME)";
			};
			name = Debug;
		};
		D0E831A91AE90246006D088B /* Release */ = {
			isa = XCBuildConfiguration;
			buildSettings = {
				ASSETCATALOG_COMPILER_APPICON_NAME = AppIcon;
				INFOPLIST_FILE = "iDatabase Single/Info.plist";
				LD_RUNPATH_SEARCH_PATHS = "$(inherited) @executable_path/Frameworks";
				PRODUCT_NAME = "$(TARGET_NAME)";
			};
			name = Release;
		};
		D0E831AB1AE90246006D088B /* Debug */ = {
			isa = XCBuildConfiguration;
			buildSettings = {
				BUNDLE_LOADER = "$(TEST_HOST)";
				FRAMEWORK_SEARCH_PATHS = (
					"$(SDKROOT)/Developer/Library/Frameworks",
					"$(inherited)",
				);
				GCC_PREPROCESSOR_DEFINITIONS = (
					"DEBUG=1",
					"$(inherited)",
				);
				INFOPLIST_FILE = "iDatabase SingleTests/Info.plist";
				LD_RUNPATH_SEARCH_PATHS = "$(inherited) @executable_path/Frameworks @loader_path/Frameworks";
				PRODUCT_NAME = "$(TARGET_NAME)";
				TEST_HOST = "$(BUILT_PRODUCTS_DIR)/iDatabase Single.app/iDatabase Single";
			};
			name = Debug;
		};
		D0E831AC1AE90246006D088B /* Release */ = {
			isa = XCBuildConfiguration;
			buildSettings = {
				BUNDLE_LOADER = "$(TEST_HOST)";
				FRAMEWORK_SEARCH_PATHS = (
					"$(SDKROOT)/Developer/Library/Frameworks",
					"$(inherited)",
				);
				INFOPLIST_FILE = "iDatabase SingleTests/Info.plist";
				LD_RUNPATH_SEARCH_PATHS = "$(inherited) @executable_path/Frameworks @loader_path/Frameworks";
				PRODUCT_NAME = "$(TARGET_NAME)";
				TEST_HOST = "$(BUILT_PRODUCTS_DIR)/iDatabase Single.app/iDatabase Single";
			};
			name = Release;
		};
/* End XCBuildConfiguration section */

/* Begin XCConfigurationList section */
		D005CEB41AEBD4AB00B06947 /* Build configuration list for PBXNativeTarget "iDatabase Single WatchKit App" */ = {
			isa = XCConfigurationList;
			buildConfigurations = (
				D005CEB21AEBD4AB00B06947 /* Debug */,
				D005CEB31AEBD4AB00B06947 /* Release */,
			);
			defaultConfigurationIsVisible = 0;
			defaultConfigurationName = Release;
		};
		D005CEB51AEBD4AB00B06947 /* Build configuration list for PBXNativeTarget "iDatabase Single WatchKit Extension" */ = {
			isa = XCConfigurationList;
			buildConfigurations = (
				D005CEB01AEBD4AB00B06947 /* Debug */,
				D005CEB11AEBD4AB00B06947 /* Release */,
			);
			defaultConfigurationIsVisible = 0;
			defaultConfigurationName = Release;
		};
		D0E8317F1AE90246006D088B /* Build configuration list for PBXProject "iDatabase Single" */ = {
			isa = XCConfigurationList;
			buildConfigurations = (
				D0E831A51AE90246006D088B /* Debug */,
				D0E831A61AE90246006D088B /* Release */,
			);
			defaultConfigurationIsVisible = 0;
			defaultConfigurationName = Release;
		};
		D0E831A71AE90246006D088B /* Build configuration list for PBXNativeTarget "iDatabase Single" */ = {
			isa = XCConfigurationList;
			buildConfigurations = (
				D0E831A81AE90246006D088B /* Debug */,
				D0E831A91AE90246006D088B /* Release */,
			);
			defaultConfigurationIsVisible = 0;
			defaultConfigurationName = Release;
		};
		D0E831AA1AE90246006D088B /* Build configuration list for PBXNativeTarget "iDatabase SingleTests" */ = {
			isa = XCConfigurationList;
			buildConfigurations = (
				D0E831AB1AE90246006D088B /* Debug */,
				D0E831AC1AE90246006D088B /* Release */,
			);
			defaultConfigurationIsVisible = 0;
			defaultConfigurationName = Release;
		};
/* End XCConfigurationList section */
	};
	rootObject = D0E8317C1AE90246006D088B /* Project object */;
}
